
Microsoft Visual Studio Solution File, Format Version 12.00
# Visual Studio Version 16
VisualStudioVersion = 16.0.31321.278
MinimumVisualStudioVersion = 10.0.40219.1
Project("{8BC9CEB8-8B4A-11D0-8D11-00A0C91BC942}") = "Sandbox", "Sandbox\Sandbox.vcxproj", "{7BCEED68-5380-4F54-95BC-0438D59A3DE5}"
EndProject
Project("{8BC9CEB8-8B4A-11D0-8D11-00A0C91BC942}") = "GameEngine", "GameEngine\GameEngine.vcxproj", "{F63E3916-E61E-4AC0-B846-C01F5A09DD81}"
EndProject
Global
	GlobalSection(SolutionConfigurationPlatforms) = preSolution
		Debug|x64 = Debug|x64
		Release|x64 = Release|x64
	EndGlobalSection
	GlobalSection(ProjectConfigurationPlatforms) = postSolution
		{F63E3916-E61E-4AC0-B846-C01F5A09DD81}.Debug|x64.ActiveCfg = Debug|x64
		{F63E3916-E61E-4AC0-B846-C01F5A09DD81}.Debug|x64.Build.0 = Debug|x64
		{F63E3916-E61E-4AC0-B846-C01F5A09DD81}.Release|x64.ActiveCfg = Release|x64
		{F63E3916-E61E-4AC0-B846-C01F5A09DD81}.Release|x64.Build.0 = Release|x64
		{7BCEED68-5380-4F54-95BC-0438D59A3DE5}.Debug|x64.ActiveCfg = Debug|x64
		{7BCEED68-5380-4F54-95BC-0438D59A3DE5}.Debug|x64.Build.0 = Debug|x64
		{7BCEED68-5380-4F54-95BC-0438D59A3DE5}.Release|x64.ActiveCfg = Release|x64
		{7BCEED68-5380-4F54-95BC-0438D59A3DE5}.Release|x64.Build.0 = Release|x64
	EndGlobalSection
	GlobalSection(SolutionProperties) = preSolution
		HideSolutionNode = FALSE
	EndGlobalSection
	GlobalSection(ExtensibilityGlobals) = postSolution
		SolutionGuid = {937A9ACF-835E-4CBA-9674-5453CF103C98}
	EndGlobalSection
EndGlobal
